
Microsoft Visual Studio Solution File, Format Version 12.00
# Visual Studio Version 17
VisualStudioVersion = 17.3.32922.545
MinimumVisualStudioVersion = 10.0.40219.1
Project("{9A19103F-16F7-4668-BE54-9A1E7A4F7556}") = "PrismApp", "PrismApp\PrismApp.csproj", "{49A69821-35DE-4DBF-BB42-3AFFEC7802D9}"
EndProject
Project("{FAE04EC0-301F-11D3-BF4B-00C04F79EFBC}") = "ModuleA", "ModuleA\ModuleA.csproj", "{B99EF53A-278A-4AC1-888F-B269909F5E9C}"
EndProject
Global
	GlobalSection(SolutionConfigurationPlatforms) = preSolution
		Debug|Any CPU = Debug|Any CPU
		Release|Any CPU = Release|Any CPU
	EndGlobalSection
	GlobalSection(ProjectConfigurationPlatforms) = postSolution
		{49A69821-35DE-4DBF-BB42-3AFFEC7802D9}.Debug|Any CPU.ActiveCfg = Debug|Any CPU
		{49A69821-35DE-4DBF-BB42-3AFFEC7802D9}.Debug|Any CPU.Build.0 = Debug|Any CPU
		{49A69821-35DE-4DBF-BB42-3AFFEC7802D9}.Release|Any CPU.ActiveCfg = Release|Any CPU
		{49A69821-35DE-4DBF-BB42-3AFFEC7802D9}.Release|Any CPU.Build.0 = Release|Any CPU
		{B99EF53A-278A-4AC1-888F-B269909F5E9C}.Debug|Any CPU.ActiveCfg = Debug|Any CPU
		{B99EF53A-278A-4AC1-888F-B269909F5E9C}.Debug|Any CPU.Build.0 = Debug|Any CPU
		{B99EF53A-278A-4AC1-888F-B269909F5E9C}.Release|Any CPU.ActiveCfg = Release|Any CPU
		{B99EF53A-278A-4AC1-888F-B269909F5E9C}.Release|Any CPU.Build.0 = Release|Any CPU
	EndGlobalSection
	GlobalSection(SolutionProperties) = preSolution
		HideSolutionNode = FALSE
	EndGlobalSection
	GlobalSection(ExtensibilityGlobals) = postSolution
		SolutionGuid = {F9EAC97F-A95C-4609-BC55-8560B4B91C44}
	EndGlobalSection
EndGlobal
